github.com/bytedance/gopkg v0.1.4 h1:oZnQwnX82KAIWb7033bEwtxvTqXcYMxDBaQxo5JJHWM=
github.com/bytedance/gopkg v0.1.4/go.mod h1:v1zWfPm21Fb+OsyXN2VAHdL6TBb2L88anLQgdyje6R4=
github.com/bytedance/sonic v1.15.4 h1:FgtV/4aBHpla9AxuMpuuzVUpa/Cf3izufkxNmnEzdI8=
github.com/bytedance/sonic v1.15.4/go.mod h1:8e51yTPdY8M6t+vvGL1c2Y1xL9i+frEeIAQAEl75NUc=
github.com/bytedance/sonic/loader v0.5.2 h1:0QtP1gevc1OZ6/H8Lb9BRZiCXd1Ftjd3OKuj1T1lBIo=
github.com/bytedance/sonic/loader v0.5.2/go.mod h1:AR4NYCk5DdzZizZ5djGqQ92eEhCCcdf5x77udYiSJRo=
github.com/cloudwego/base64x v0.1.7 h1:NppS+Fgzg5ovhn4NkUXaDT3x9jldgH5ToMCqzBSi2zI=
github.com/cloudwego/base64x v0.1.7/go.mod h1:Cu1PV9zfrSf7ET2tIbWbbEy7jO7HHJ13q4X2SQ8aWYg=
github.com/davecgh/go-spew v1.1.0/go.mod h1:J7Y8YcW2NihsgmVo/mv3lAwl/skON4iLHjSsI+c5H38=
github.com/davecgh/go-spew v1.1.1/go.mod h1:J7Y8YcW2NihsgmVo/mv3lAwl/skON4iLHjSsI+c5H38=
github.com/ebitengine/purego v0.10.2 h1:W809HbnvzAxgdm+aOvlSekrM16wGCdT/e76+9tS7gzE=
github.com/ebitengine/purego v0.10.2/go.mod h1:iIjxzd6CiRiOG0UyXP+V1+jWqUXVjPKLAI0mRfJZTmQ=
github.com/gabriel-vasile/mimetype v1.4.15 h1:05iP/CYtZ/w455R/KZM6rZ5ieAdh99UPtd+d3YzLmaI=
github.com/gabriel-vasile/mimetype v1.4.15/go.mod h1:azpTcoLcDZRNgFou5j+APrqQx9HqVPWa6ijYQIIVswQ=
github.com/gin-contrib/sse v1.1.2 h1:MU2fgl1RrdYTMcgJLtz2kJF+vPg3xrqaaKfUUU18tCo=
github.com/gin-contrib/sse v1.1.2/go.mod h1:QXzuVkA0YO7o/gun03UI1Q+FTI8ZV/n5t03kIQAI89s=
github.com/gin-gonic/gin v1.12.0 h1:b3YAbrZtnf8N//yjKeU2+MQsh2mY5htkZidOM7O0wG8=
github.com/gin-gonic/gin v1.12.0/go.mod h1:VxccKfsSllpKshkBWgVgRniFFAzFb9csfngsqANjnLc=
github.com/go-ole/go-ole v1.2.6 h1:/Fpf6oFPoeFik9ty7siob0G6Ke8QvQEuVcuChpwXzpY=
github.com/go-ole/go-ole v1.2.6/go.mod h1:pprOEPIfldk/42T2oK7lQ4v4JSDwmV0As9GaiUsvbm0=
github.com/go-playground/locales v0.14.1 h1:EWaQ/wswjilfKLTECiXz7Rh+3BjFhfDFKv/oXslEjJA=
github.com/go-playground/locales v0.14.1/go.mod h1:hxrqLVvrK65+Rwrd5Fc6F2O76J/NuW9t0sjnWqG1slY=
github.com/go-playground/universal-translator v0.18.2 h1:LCsMLC9RzmbUMNUPVYD15dmcjwYAJhmX8mPZRW4rAVU=
github.com/go-playground/universal-translator v0.18.2/go.mod h1:67VZIMp5lQpDWlnStOct22q1bkdJGJqHghbOtmkawxk=
github.com/go-playground/validator/v10 v10.30.5 h1:YyCXvVShZbs2Sm3Mb53eNOlhRXctSOzW5QJAouCTZL4=
github.com/go-playground/validator/v10 v10.30.5/go.mod h1:wEqiaov48pXX1kjhc3Da8y0M0Dtg/BK7gurFBLgwFrQ=
github.com/go-telegram-bot-api/telegram-bot-api/v5 v5.5.1 h1:wG8n/XJQ07TmjbITcGiUaOtXxdrINDz1b0J1w0SzqDc=
github.com/go-telegram-bot-api/telegram-bot-api/v5 v5.5.1/go.mod h1:A2S0CWkNylc2phvKXWBBdD3K0iGnDBGbzRpISP2zBl8=
github.com/goccy/go-json v0.10.6 h1:p8HrPJzOakx/mn/bQtjgNjdTcN+/S6FcG2CTtQOrHVU=
github.com/goccy/go-json v0.10.6/go.mod h1:oq7eo15ShAhp70Anwd5lgX2pLfOS3QCiwU/PULtXL6M=
github.com/goccy/go-yaml v1.19.2 h1:PmFC1S6h8ljIz6gMRBopkjP1TVT7xuwrButHID66PoM=
github.com/goccy/go-yaml v1.19.2/go.mod h1:XBurs7gK8ATbW4ZPGKgcbrY1Br56PdM69F7LkFRi1kA=
github.com/google/go-cmp v0.5.6/go.mod h1:v8dTdLbMG2kIc/vJvl+f65V22dbkXbowE6jgT/gNBxE=
github.com/google/gofuzz v1.0.0/go.mod h1:dBl0BpW6vV/+mYPU4Po3pmUjxk6FQPldtuIdl/M65Eg=
github.com/json-iterator/go v1.1.12 h1:PV8peI4a0ysnczrg+LtxykD8LfKY9ML6u2jnxaEnrnM=
github.com/json-iterator/go v1.1.12/go.mod h1:e30LSqwooZae/UwlEbR2852Gd8hjQvJoHmT4TnhNGBo=
github.com/klauspost/cpuid/v2 v2.4.0 h1:S6Hrbc7+ywsr0r+RLapfGBHfyefhCTwEh3A0tV913Dw=
github.com/klauspost/cpuid/v2 v2.4.0/go.mod h1:19jmZ9mjzoF//ddRSUsv0zfBTJWh3QJh9FNxZTMrGxU=
github.com/leodido/go-urn v1.5.0 h1:pLqT2kq1zpHW/1D18QMjMpdtX7cekxqtJJjg5ANyWw0=
github.com/leodido/go-urn v1.5.0/go.mod h1:9BORnCDhdPBJNDEX+w1bJisa8yOKYi116VeO96s4ifE=
github.com/lufia/plan9stats v0.0.0-20211012122336-39d0f177ccd0 h1:6E+4a0GO5zZEnZ81pIr0yLvtUWk2if982qA3F3QD6H4=
github.com/lufia/plan9stats v0.0.0-20211012122336-39d0f177ccd0/go.mod h1:zJYVVT2jmtg6P3p1VtQj7WsuWi/y4VnjVBn7F8KPB3I=
github.com/mackerelio/go-osstat v0.2.8 h1:I2duicTaCGWoM53XwAwA9OIe1inu0xnVs8/pqOWWVr4=
github.com/mackerelio/go-osstat v0.2.8/go.mod h1:SyS3XxKdoSKJnTGTkN5Yrh6VUQVuAURACfE6y+2DN4k=
github.com/mattn/go-isatty v0.0.24 h1:tGZZoVgT/KiqK1c8ocVLeDS8BSWMRd47J3Lbz7vsReI=
github.com/mattn/go-isatty v0.0.24/go.mod h1:nMCL3Zebbrt45jsMDgnfIwz6ydEQApk5oEI3HqDio6A=
github.com/modern-go/concurrent v0.0.0-20180228061459-e0a39a4cb421/go.mod h1:6dJC0mAP4ikYIbvyc7fijjWJddQyLn8Ig3JB5CqoB9Q=
github.com/modern-go/concurrent v0.0.0-20180306012644-bacd9c7ef1dd h1:TRLaZ9cD/w8PVh93nsPXa1VrQ6jlwL5oN8l14QlcNfg=
github.com/modern-go/concurrent v0.0.0-20180306012644-bacd9c7ef1dd/go.mod h1:6dJC0mAP4ikYIbvyc7fijjWJddQyLn8Ig3JB5CqoB9Q=
github.com/modern-go/reflect2 v1.0.2 h1:xBagoLtFs94CBntxluKeaWgTMpvLxC4ur3nMaC9Gz0M=
github.com/modern-go/reflect2 v1.0.2/go.mod h1:yWuevngMOJpCy52FWWMvUC8ws7m/LJsjYzDa0/r8luk=
github.com/pelletier/go-toml/v2 v2.4.3 h1:GTRvJQutkOSftxIFD5xw9aepkYNuPWmVJpffdDPYVpY=
github.com/pelletier/go-toml/v2 v2.4.3/go.mod h1:2gIqNv+qfxSVS7cM2xJQKtLSTLUE9V8t9Stt+h56mCY=
github.com/pmezard/go-difflib v1.0.0/go.mod h1:iKH77koFhYxTK1pcRnkKkqfTogsbg7gZNVY4sRDYZ/4=
github.com/power-devops/perfstat v0.0.0-20240221224432-82ca36839d55 h1:o4JXh1EVt9k/+g42oCprj/FisM4qX9L3sZB3upGN2ZU=
github.com/power-devops/perfstat v0.0.0-20240221224432-82ca36839d55/go.mod h1:OmDBASR4679mdNQnz2pUhc2G8CO2JrUAVFDRBDP/hJE=
github.com/quic-go/qpack v0.6.0 h1:g7W+BMYynC1LbYLSqRt8PBg5Tgwxn214ZZR34VIOjz8=
github.com/quic-go/qpack v0.6.0/go.mod h1:lUpLKChi8njB4ty2bFLX2x4gzDqXwUpaO1DP9qMDZII=
github.com/quic-go/quic-go v0.63.0 h1:LIFGHI4PFUhhw2dDD1ARHdCff143ffMHwZtbnbuJ78A=
github.com/quic-go/quic-go v0.63.0/go.mod h1:RAro2j2yN9a9EiPACLHT9IB2NXCvGQmmo/alT0yYI0w=
github.com/shirou/gopsutil/v4 v4.26.8 h1:YQMTF/1J50B5+Y0vlo1eDRf5DoR7Gk69hY+8wjYkQeo=
github.com/shirou/gopsutil/v4 v4.26.8/go.mod h1:5O9FjBiXoTDFatIWjZZosqj4pV0DRtLx598xGbBehzM=
github.com/showwin/speedtest-go v1.8.3 h1:x988hyZFsa5V1EEwox84niAji632uxBTk8Clsc1itF8=
github.com/showwin/speedtest-go v1.8.3/go.mod h1:N4bn2lgNNWmfJyC1AIHD4T5wYhU+9D21OfacVhJsxiU=
github.com/stretchr/objx v0.1.0/go.mod h1:HFkY916IF+rwdDfMAkV7OtwuqBVzrE8GR6GFx+wExME=
github.com/stretchr/objx v0.4.0/go.mod h1:YvHI0jy2hoMjB+UWwv71VJQ9isScKT/TqJzVSSt89Yw=
github.com/stretchr/objx v0.5.0/go.mod h1:Yh+to48EsGEfYuaHDzXPcE3xhTkx73EhmCGUpEOglKo=
github.com/stretchr/objx v0.5.2/go.mod h1:FRsXN1f5AsAjCGJKqEizvkpNtU+EGNCLh3NxZ/8L+MA=
github.com/stretchr/testify v1.3.0/go.mod h1:M5WIy9Dh21IEIfnGCwXGc5bZfKNJtfHm1UVUgZn+9EI=
github.com/stretchr/testify v1.7.1/go.mod h1:6Fq8oRcR53rry900zMqJjRRixrwX3KX962/h/Wwjteg=
github.com/stretchr/testify v1.8.0/go.mod h1:yNjHg4UonilssWZ8iaSj1OCr/vHnekPRkoO+kdMU+MU=
github.com/stretchr/testify v1.8.4/go.mod h1:sz/lmYIOXD/1dqDmKjjqLyZ2RngseejIcXlSw2iwfAo=
github.com/stretchr/testify v1.10.0/go.mod h1:r2ic/lqez/lEtzL7wO/rwa5dbSLXVDPFyf8C91i36aY=
github.com/tklauser/go-sysconf v0.3.16 h1:frioLaCQSsF5Cy1jgRBrzr6t502KIIwQ0MArYICU0nA=
github.com/tklauser/go-sysconf v0.3.16/go.mod h1:/qNL9xxDhc7tx3HSRsLWNnuzbVfh3e7gh/BmM179nYI=
github.com/tklauser/numcpus v0.11.0 h1:nSTwhKH5e1dMNsCdVBukSZrURJRoHbSEQjdEbY+9RXw=
github.com/tklauser/numcpus v0.11.0/go.mod h1:z+LwcLq54uWZTX0u/bGobaV34u6V7KNlTZejzM6/3MQ=
github.com/twitchyliquid64/golang-asm v0.15.1 h1:SU5vSMR7hnwNxj24w34ZyCi/FmDZTkS4MhqMhdFk5YI=
github.com/twitchyliquid64/golang-asm v0.15.1/go.mod h1:a1lVb/DtPvCB8fslRZhAngC2+aY1QWCk3Cedj/Gdt08=
github.com/ugorji/go/codec v1.3.2 h1:zkEASHHyEClGeURfgNT9PJZVfAbs9oEX9QXggwWNJbc=
github.com/ugorji/go/codec v1.3.2/go.mod h1:pRBVtBSKl77K30Bv8R2P+cLSGaTtex6fsA2Wjqmfxj4=
github.com/yusufpapurcu/wmi v1.2.4 h1:zFUKzehAFReQwLys1b/iSMl+JQGSCSjtVqQn9bBrPo0=
github.com/yusufpapurcu/wmi v1.2.4/go.mod h1:SBZ9tNy3G9/m5Oi98Zks0QjeHVDvuK0qfxQmPyzfmi0=
go.mongodb.org/mongo-driver/v2 v2.9.1 h1:jewiFs2m1/VOQp8qhFshX6hWZ+EAXDhZHXExAUMcOgQ=
go.mongodb.org/mongo-driver/v2 v2.9.1/go.mod h1:SHKN0IWkKmEVGHLjXnni6s4wPKX4v86FTgOeJJFuXcA=
golang.org/x/arch v0.31.0 h1:22MlEb14/O/EPCYHFxsDdv5TuLD5dMjT5e2QeJw4ULk=
golang.org/x/arch v0.31.0/go.mod h1:KcJSod3cqT2dKcjBxqTyGfbumNikqU9p5tHJinPJnuY=
golang.org/x/crypto v0.57.0 h1:3ZVCjf8Ggz7zneR/EHRVx68Ctf+2pmIMP2UFhh9cC6M=
golang.org/x/crypto v0.57.0/go.mod h1:Fdz0i5U6CoizGwLda9DttjSk6qlZo25zYNtR+ycvuZA=
golang.org/x/net v0.59.0 h1:5zfYln+w5XCxwrnMMJPufRgNoXEaGxl0wo5GqPXyues=
golang.org/x/net v0.59.0/go.mod h1:2DA/G1UfVbCpQPeWTmMPGY7Cs2PkBkwu743bVX5PIVg=
golang.org/x/sys v0.0.0-20190916202348-b4ddaad3f8a3/go.mod h1:h1NjWce9XRLGQEsW7wpKNCjG9DtNlClVuFLEZdDNbEs=
golang.org/x/sys v0.0.0-20201204225414-ed752295db88/go.mod h1:h1NjWce9XRLGQEsW7wpKNCjG9DtNlClVuFLEZdDNbEs=
golang.org/x/sys v0.48.0 h1:bbX/i/6MgT9BVLM9RT1thmxL04yeTAhbEz4SyadbXoo=
golang.org/x/sys v0.48.0/go.mod h1:hNLxWAXmnKAxqDtdwIYC4bM9oQPEecfsnNMuSxOs3og=
golang.org/x/text v0.42.0 h1:JbOZXgfeCPU9gacVtYliJqOhD+zhrEqK4LfdpmlUZqI=
golang.org/x/text v0.42.0/go.mod h1:ojzP1Z+2QtioaF8DTtO8K5q7JWVVYwZKenzujK0Zd0E=
golang.org/x/xerrors v0.0.0-20191204190536-9bdfabe68543/go.mod h1:I/5z698sn9Ka8TeJc9MKroUUfqBBauWjQqLJ2OPfmY0=
google.golang.org/protobuf v1.36.12 h1:pJOKDDOyeXErUroCihFAd5LQuwXBSpVnKGrj5o/fwxc=
google.golang.org/protobuf v1.36.12/go.mod h1:HTf+CrKn2C3g5S8VImy6tdcUvCska2kB7j23XfzDpco=
gopkg.in/check.v1 v0.0.0-20161208181325-20d25e280405/go.mod h1:Co6ibVJAznAaIkqp8huTwlJQCZ016jof/cbN4VW5Yz0=
gopkg.in/yaml.v3 v3.0.0-20200313102051-9f266ea9e77c/go.mod h1:K4uyk7z7BCEPqu6E+C64Yfv1cQ7kz7rIZviUmN+EgEM=
gopkg.in/yaml.v3 v3.0.1/go.mod h1:K4uyk7z7BCEPqu6E+C64Yfv1cQ7kz7rIZviUmN+EgEM=
